
Microsoft Visual Studio Solution File, Format Version 12.00
# Visual Studio Version 16
VisualStudioVersion = 16.0.30621.155
MinimumVisualStudioVersion = 10.0.40219.1
Project("{FAE04EC0-301F-11D3-BF4B-00C04F79EFBC}") = "DUMPdomaci", "DUMPdomaci\DUMPdomaci.csproj", "{FDDAE060-0B7D-486A-ABE3-2F4A4C77691B}"
EndProject
Global
	GlobalSection(SolutionConfigurationPlatforms) = preSolution
		Debug|Any CPU = Debug|Any CPU
		Release|Any CPU = Release|Any CPU
	EndGlobalSection
	GlobalSection(ProjectConfigurationPlatforms) = postSolution
		{FDDAE060-0B7D-486A-ABE3-2F4A4C77691B}.Debug|Any CPU.ActiveCfg = Debug|Any CPU
		{FDDAE060-0B7D-486A-ABE3-2F4A4C77691B}.Debug|Any CPU.Build.0 = Debug|Any CPU
		{FDDAE060-0B7D-486A-ABE3-2F4A4C77691B}.Release|Any CPU.ActiveCfg = Release|Any CPU
		{FDDAE060-0B7D-486A-ABE3-2F4A4C77691B}.Release|Any CPU.Build.0 = Release|Any CPU
	EndGlobalSection
	GlobalSection(SolutionProperties) = preSolution
		HideSolutionNode = FALSE
	EndGlobalSection
	GlobalSection(ExtensibilityGlobals) = postSolution
		SolutionGuid = {3E92DB51-99A5-4A56-AD7B-393F46EE9A86}
	EndGlobalSection
EndGlobal
